// !$*UTF8*$!
{
	archiveVersion = 1;
	classes = {
	};
	objectVersion = 50;
	objects = {

/* Begin PBXBuildFile section */
		74C5BD4F219057C000E17B02 /* AppDelegate.swift in Sources */ = {isa = PBXBuildFile; fileRef = 74C5BD4E219057C000E17B02 /* AppDelegate.swift */; };
		74C5BD51219057C000E17B02 /* ViewController.swift in Sources */ = {isa = PBXBuildFile; fileRef = 74C5BD50219057C000E17B02 /* ViewController.swift */; };
		74C5BD54219057C000E17B02 /* Main.storyboard in Resources */ = {isa = PBXBuildFile; fileRef = 74C5BD52219057C000E17B02 /* Main.storyboard */; };
		74C5BD56219057C200E17B02 /* Assets.xcassets in Resources */ = {isa = PBXBuildFile; fileRef = 74C5BD55219057C200E17B02 /* Assets.xcassets */; };
		74C5BD59219057C200E17B02 /* LaunchScreen.storyboard in Resources */ = {isa = PBXBuildFile; fileRef = 74C5BD57219057C200E17B02 /* LaunchScreen.storyboard */; };
		74C5BD61219064F900E17B02 /* MyViewController.swift in Sources */ = {isa = PBXBuildFile; fileRef = 74C5BD60219064F900E17B02 /* MyViewController.swift */; };
		74C5BD632190660400E17B02 /* CarViewController.swift in Sources */ = {isa = PBXBuildFile; fileRef = 74C5BD622190660400E17B02 /* CarViewController.swift */; };
		74C5BD652190678600E17B02 /* CarsHelper.swift in Sources */ = {isa = PBXBuildFile; fileRef = 74C5BD642190678600E17B02 /* CarsHelper.swift */; };
/* End PBXBuildFile section */

/* Begin PBXFileReference section */
		74C5BD4B219057C000E17B02 /* picker.app */ = {isa = PBXFileReference; explicitFileType = wrapper.application; includeInIndex = 0; path = picker.app; sourceTree = BUILT_PRODUCTS_DIR; };
		74C5BD4E219057C000E17B02 /* AppDelegate.swift */ = {isa = PBXFileReference; lastKnownFileType = sourcecode.swift; path = AppDelegate.swift; sourceTree = "<group>"; };
		74C5BD50219057C000E17B02 /* ViewController.swift */ = {isa = PBXFileReference; lastKnownFileType = sourcecode.swift; path = ViewController.swift; sourceTree = "<group>"; };
		74C5BD53219057C000E17B02 /* Base */ = {isa = PBXFileReference; lastKnownFileType = file.storyboard; name = Base; path = Base.lproj/Main.storyboard; sourceTree = "<group>"; };
		74C5BD55219057C200E17B02 /* Assets.xcassets */ = {isa = PBXFileReference; lastKnownFileType = folder.assetcatalog; path = Assets.xcassets; sourceTree = "<group>"; };
		74C5BD58219057C200E17B02 /* Base */ = {isa = PBXFileReference; lastKnownFileType = file.storyboard; name = Base; path = Base.lproj/LaunchScreen.storyboard; sourceTree = "<group>"; };
		74C5BD5A219057C200E17B02 /* Info.plist */ = {isa = PBXFileReference; lastKnownFileType = text.plist.xml; path = Info.plist; sourceTree = "<group>"; };
		74C5BD60219064F900E17B02 /* MyViewController.swift */ = {isa = PBXFileReference; lastKnownFileType = sourcecode.swift; path = MyViewController.swift; sourceTree = "<group>"; };
		74C5BD622190660400E17B02 /* CarViewController.swift */ = {isa = PBXFileReference; lastKnownFileType = sourcecode.swift; path = CarViewController.swift; sourceTree = "<group>"; };
		74C5BD642190678600E17B02 /* CarsHelper.swift */ = {isa = PBXFileReference; lastKnownFileType = sourcecode.swift; path = CarsHelper.swift; sourceTree = "<group>"; };
/* End PBXFileReference section */

/* Begin PBXFrameworksBuildPhase section */
		74C5BD48219057C000E17B02 /* Frameworks */ = {
			isa = PBXFrameworksBuildPhase;
			buildActionMask = 2147483647;
			files = (
			);
			runOnlyForDeploymentPostprocessing = 0;
		};
/* End PBXFrameworksBuildPhase section */

/* Begin PBXGroup section */
		74C5BD42219057C000E17B02 = {
			isa = PBXGroup;
			children = (
				74C5BD4D219057C000E17B02 /* picker */,
				74C5BD4C219057C000E17B02 /* Products */,
			);
			sourceTree = "<group>";
		};
		74C5BD4C219057C000E17B02 /* Products */ = {
			isa = PBXGroup;
			children = (
				74C5BD4B219057C000E17B02 /* picker.app */,
			);
			name = Products;
			sourceTree = "<group>";
		};
		74C5BD4D219057C000E17B02 /* picker */ = {
			isa = PBXGroup;
			children = (
				74C5BD4E219057C000E17B02 /* AppDelegate.swift */,
				74C5BD622190660400E17B02 /* CarViewController.swift */,
				74C5BD60219064F900E17B02 /* MyViewController.swift */,
				74C5BD642190678600E17B02 /* CarsHelper.swift */,
				74C5BD50219057C000E17B02 /* ViewController.swift */,
				74C5BD52219057C000E17B02 /* Main.storyboard */,
				74C5BD55219057C200E17B02 /* Assets.xcassets */,
				74C5BD57219057C200E17B02 /* LaunchScreen.storyboard */,
				74C5BD5A219057C200E17B02 /* Info.plist */,
			);
			path = picker;
			sourceTree = "<group>";
		};
/* End PBXGroup section */

/* Begin PBXNativeTarget section */
		74C5BD4A219057C000E17B02 /* picker */ = {
			isa = PBXNativeTarget;
			buildConfigurationList = 74C5BD5D219057C200E17B02 /* Build configuration list for PBXNativeTarget "picker" */;
			buildPhases = (
				74C5BD47219057C000E17B02 /* Sources */,
				74C5BD48219057C000E17B02 /* Frameworks */,
				74C5BD49219057C000E17B02 /* Resources */,
			);
			buildRules = (
			);
			dependencies = (
			);
			name = picker;
			productName = picker;
			productReference = 74C5BD4B219057C000E17B02 /* picker.app */;
			productType = "com.apple.product-type.application";
		};
/* End PBXNativeTarget section */

/* Begin PBXProject section */
		74C5BD43219057C000E17B02 /* Project object */ = {
			isa = PBXProject;
			attributes = {
				LastSwiftUpdateCheck = 1000;
				LastUpgradeCheck = 1000;
				ORGANIZATIONNAME = "Nazar Kostiv";
				TargetAttributes = {
					74C5BD4A219057C000E17B02 = {
						CreatedOnToolsVersion = 10.0;
					};
				};
			};
			buildConfigurationList = 74C5BD46219057C000E17B02 /* Build configuration list for PBXProject "picker" */;
			compatibilityVersion = "Xcode 9.3";
			developmentRegion = en;
			hasScannedForEncodings = 0;
			knownRegions = (
				en,
				Base,
			);
			mainGroup = 74C5BD42219057C000E17B02;
			productRefGroup = 74C5BD4C219057C000E17B02 /* Products */;
			projectDirPath = "";
			projectRoot = "";
			targets = (
				74C5BD4A219057C000E17B02 /* picker */,
			);
		};
/* End PBXProject section */

/* Begin PBXResourcesBuildPhase section */
		74C5BD49219057C000E17B02 /* Resources */ = {
			isa = PBXResourcesBuildPhase;
			buildActionMask = 2147483647;
			files = (
				74C5BD59219057C200E17B02 /* LaunchScreen.storyboard in Resources */,
				74C5BD56219057C200E17B02 /* Assets.xcassets in Resources */,
				74C5BD54219057C000E17B02 /* Main.storyboard in Resources */,
			);
			runOnlyForDeploymentPostprocessing = 0;
		};
/* End PBXResourcesBuildPhase section */

/* Begin PBXSourcesBuildPhase section */
		74C5BD47219057C000E17B02 /* Sources */ = {
			isa = PBXSourcesBuildPhase;
			buildActionMask = 2147483647;
			files = (
				74C5BD51219057C000E17B02 /* ViewController.swift in Sources */,
				74C5BD61219064F900E17B02 /* MyViewController.swift in Sources */,
				74C5BD4F219057C000E17B02 /* AppDelegate.swift in Sources */,
				74C5BD652190678600E17B02 /* CarsHelper.swift in Sources */,
				74C5BD632190660400E17B02 /* CarViewController.swift in Sources */,
			);
			runOnlyForDeploymentPostprocessing = 0;
		};
/* End PBXSourcesBuildPhase section */

/* Begin PBXVariantGroup section */
		74C5BD52219057C000E17B02 /* Main.storyboard */ = {
			isa = PBXVariantGroup;
			children = (
				74C5BD53219057C000E17B02 /* Base */,
			);
			name = Main.storyboard;
			sourceTree = "<group>";
		};
		74C5BD57219057C200E17B02 /* LaunchScreen.storyboard */ = {
			isa = PBXVariantGroup;
			children = (
				74C5BD58219057C200E17B02 /* Base */,
			);
			name = LaunchScreen.storyboard;
			sourceTree = "<group>";
		};
/* End PBXVariantGroup section */

/* Begin XCBuildConfiguration section */
		74C5BD5B219057C200E17B02 /* Debug */ = {
			isa = XCBuildConfiguration;
			buildSettings = {
				ALWAYS_SEARCH_USER_PATHS = NO;
				CLANG_ANALYZER_NONNULL = YES;
				CLANG_ANALYZER_NUMBER_OBJECT_CONVERSION = YES_AGGRESSIVE;
				CLANG_CXX_LANGUAGE_STANDARD = "gnu++14";
				CLANG_CXX_LIBRARY = "libc++";
				CLANG_ENABLE_MODULES = YES;
				CLANG_ENABLE_OBJC_ARC = YES;
				CLANG_ENABLE_OBJC_WEAK = YES;
				CLANG_WARN_BLOCK_CAPTURE_AUTORELEASING = YES;
				CLANG_WARN_BOOL_CONVERSION = YES;
				CLANG_WARN_COMMA = YES;
				CLANG_WARN_CONSTANT_CONVERSION = YES;
				CLANG_WARN_DEPRECATED_OBJC_IMPLEMENTATIONS = YES;
				CLANG_WARN_DIRECT_OBJC_ISA_USAGE = YES_ERROR;
				CLANG_WARN_DOCUMENTATION_COMMENTS = YES;
				CLANG_WARN_EMPTY_BODY = YES;
				CLANG_WARN_ENUM_CONVERSION = YES;
				CLANG_WARN_INFINITE_RECURSION = YES;
				CLANG_WARN_INT_CONVERSION = YES;
				CLANG_WARN_NON_LITERAL_NULL_CONVERSION = YES;
				CLANG_WARN_OBJC_IMPLICIT_RETAIN_SELF = YES;
				CLANG_WARN_OBJC_LITERAL_CONVERSION = YES;
				CLANG_WARN_OBJC_ROOT_CLASS = YES_ERROR;
				CLANG_WARN_RANGE_LOOP_ANALYSIS = YES;
				CLANG_WARN_STRICT_PROTOTYPES = YES;
				CLANG_WARN_SUSPICIOUS_MOVE = YES;
				CLANG_WARN_UNGUARDED_AVAILABILITY = YES_AGGRESSIVE;
				CLANG_WARN_UNREACHABLE_CODE = YES;
				CLANG_WARN__DUPLICATE_METHOD_MATCH = YES;
				CODE_SIGN_IDENTITY = "iPhone Developer";
				COPY_PHASE_STRIP = NO;
				DEBUG_INFORMATION_FORMAT = dwarf;
				ENABLE_STRICT_OBJC_MSGSEND = YES;
				ENABLE_TESTABILITY = YES;
				GCC_C_LANGUAGE_STANDARD = gnu11;
				GCC_DYNAMIC_NO_PIC = NO;
				GCC_NO_COMMON_BLOCKS = YES;
				GCC_OPTIMIZATION_LEVEL = 0;
				GCC_PREPROCESSOR_DEFINITIONS = (
					"DEBUG=1",
					"$(inherited)",
				);
				GCC_WARN_64_TO_32_BIT_CONVERSION = YES;
				GCC_WARN_ABOUT_RETURN_TYPE = YES_ERROR;
				GCC_WARN_UNDECLARED_SELECTOR = YES;
				GCC_WARN_UNINITIALIZED_AUTOS = YES_AGGRESSIVE;
				GCC_WARN_UNUSED_FUNCTION = YES;
				GCC_WARN_UNUSED_VARIABLE = YES;
				IPHONEOS_DEPLOYMENT_TARGET = 12.0;
				MTL_ENABLE_DEBUG_INFO = INCLUDE_SOURCE;
				MTL_FAST_MATH = YES;
				ONLY_ACTIVE_ARCH = YES;
				SDKROOT = iphoneos;
				SWIFT_ACTIVE_COMPILATION_CONDITIONS = DEBUG;
				SWIFT_OPTIMIZATION_LEVEL = "-Onone";
			};
			name = Debug;
		};
		74C5BD5C219057C200E17B02 /* Release */ = {
			isa = XCBuildConfiguration;
			buildSettings = {
				ALWAYS_SEARCH_USER_PATHS = NO;
				CLANG_ANALYZER_NONNULL = YES;
				CLANG_ANALYZER_NUMBER_OBJECT_CONVERSION = YES_AGGRESSIVE;
				CLANG_CXX_LANGUAGE_STANDARD = "gnu++14";
				CLANG_CXX_LIBRARY = "libc++";
				CLANG_ENABLE_MODULES = YES;
				CLANG_ENABLE_OBJC_ARC = YES;
				CLANG_ENABLE_OBJC_WEAK = YES;
				CLANG_WARN_BLOCK_CAPTURE_AUTORELEASING = YES;
				CLANG_WARN_BOOL_CONVERSION = YES;
				CLANG_WARN_COMMA = YES;
				CLANG_WARN_CONSTANT_CONVERSION = YES;
				CLANG_WARN_DEPRECATED_OBJC_IMPLEMENTATIONS = YES;
				CLANG_WARN_DIRECT_OBJC_ISA_USAGE = YES_ERROR;
				CLANG_WARN_DOCUMENTATION_COMMENTS = YES;
				CLANG_WARN_EMPTY_BODY = YES;
				CLANG_WARN_ENUM_CONVERSION = YES;
				CLANG_WARN_INFINITE_RECURSION = YES;
				CLANG_WARN_INT_CONVERSION = YES;
				CLANG_WARN_NON_LITERAL_NULL_CONVERSION = YES;
				CLANG_WARN_OBJC_IMPLICIT_RETAIN_SELF = YES;
				CLANG_WARN_OBJC_LITERAL_CONVERSION = YES;
				CLANG_WARN_OBJC_ROOT_CLASS = YES_ERROR;
				CLANG_WARN_RANGE_LOOP_ANALYSIS = YES;
				CLANG_WARN_STRICT_PROTOTYPES = YES;
				CLANG_WARN_SUSPICIOUS_MOVE = YES;
				CLANG_WARN_UNGUARDED_AVAILABILITY = YES_AGGRESSIVE;
				CLANG_WARN_UNREACHABLE_CODE = YES;
				CLANG_WARN__DUPLICATE_METHOD_MATCH = YES;
				CODE_SIGN_IDENTITY = "iPhone Developer";
				COPY_PHASE_STRIP = NO;
				DEBUG_INFORMATION_FORMAT = "dwarf-with-dsym";
				ENABLE_NS_ASSERTIONS = NO;
				ENABLE_STRICT_OBJC_MSGSEND = YES;
				GCC_C_LANGUAGE_STANDARD = gnu11;
				GCC_NO_COMMON_BLOCKS = YES;
				GCC_WARN_64_TO_32_BIT_CONVERSION = YES;
				GCC_WARN_ABOUT_RETURN_TYPE = YES_ERROR;
				GCC_WARN_UNDECLARED_SELECTOR = YES;
				GCC_WARN_UNINITIALIZED_AUTOS = YES_AGGRESSIVE;
				GCC_WARN_UNUSED_FUNCTION = YES;
				GCC_WARN_UNUSED_VARIABLE = YES;
				IPHONEOS_DEPLOYMENT_TARGET = 12.0;
				MTL_ENABLE_DEBUG_INFO = NO;
				MTL_FAST_MATH = YES;
				SDKROOT = iphoneos;
				SWIFT_COMPILATION_MODE = wholemodule;
				SWIFT_OPTIMIZATION_LEVEL = "-O";
				VALIDATE_PRODUCT = YES;
			};
			name = Release;
		};
		74C5BD5E219057C200E17B02 /* Debug */ = {
			isa = XCBuildConfiguration;
			buildSettings = {
				ASSETCATALOG_COMPILER_APPICON_NAME = AppIcon;
				CODE_SIGN_STYLE = Automatic;
				INFOPLIST_FILE = picker/Info.plist;
				LD_RUNPATH_SEARCH_PATHS = (
					"$(inherited)",
					"@executable_path/Frameworks",
				);
				PRODUCT_BUNDLE_IDENTIFIER = softserve.picker;
				PRODUCT_NAME = "$(TARGET_NAME)";
				SWIFT_VERSION = 4.2;
				TARGETED_DEVICE_FAMILY = "1,2";
			};
			name = Debug;
		};
		74C5BD5F219057C200E17B02 /* Release */ = {
			isa = XCBuildConfiguration;
			buildSettings = {
				ASSETCATALOG_COMPILER_APPICON_NAME = AppIcon;
				CODE_SIGN_STYLE = Automatic;
				INFOPLIST_FILE = picker/Info.plist;
				LD_RUNPATH_SEARCH_PATHS = (
					"$(inherited)",
					"@executable_path/Frameworks",
				);
				PRODUCT_BUNDLE_IDENTIFIER = softserve.picker;
				PRODUCT_NAME = "$(TARGET_NAME)";
				SWIFT_VERSION = 4.2;
				TARGETED_DEVICE_FAMILY = "1,2";
			};
			name = Release;
		};
/* End XCBuildConfiguration section */

/* Begin XCConfigurationList section */
		74C5BD46219057C000E17B02 /* Build configuration list for PBXProject "picker" */ = {
			isa = XCConfigurationList;
			buildConfigurations = (
				74C5BD5B219057C200E17B02 /* Debug */,
				74C5BD5C219057C200E17B02 /* Release */,
			);
			defaultConfigurationIsVisible = 0;
			defaultConfigurationName = Release;
		};
		74C5BD5D219057C200E17B02 /* Build configuration list for PBXNativeTarget "picker" */ = {
			isa = XCConfigurationList;
			buildConfigurations = (
				74C5BD5E219057C200E17B02 /* Debug */,
				74C5BD5F219057C200E17B02 /* Release */,
			);
			defaultConfigurationIsVisible = 0;
			defaultConfigurationName = Release;
		};
/* End XCConfigurationList section */
	};
	rootObject = 74C5BD43219057C000E17B02 /* Project object */;
}
